github.com/lpuljic/pixelarch v0.0.0-20251126025145-293df0b8663f h1:e89GseWy5vRcB0DH6D89jYsFOkSX44Y8Jpq8JsjVyGg=
github.com/lpuljic/pixelarch v0.0.0-20251126025145-293df0b8663f/go.mod h1:0nb1CIMtDsl8+aazwKwj5WNb5HUvTsQji/iBdMIc76U=
github.com/lpuljic/pixelarch v0.0.0-20251126103200-a382ae9d9bc2 h1:oW0qHqUQ58ZQ8np9JTNsicxvPNM//Pabr7PJTBSFHCU=
github.com/lpuljic/pixelarch v0.0.0-20251126103200-a382ae9d9bc2/go.mod h1:0nb1CIMtDsl8+aazwKwj5WNb5HUvTsQji/iBdMIc76U=
