github.com/lpuljic/pixelarch v0.0.0-20260402225324-1a47bf1632de h1:WXcaI1DBYu4rZw0oRfcybPEvtp7pzUERAWFSflBHJw4=
github.com/lpuljic/pixelarch v0.0.0-20260402225324-1a47bf1632de/go.mod h1:0nb1CIMtDsl8+aazwKwj5WNb5HUvTsQji/iBdMIc76U=
github.com/lpuljic/pixelarch v0.0.0-20260403052917-25a81b017bfd h1:n0ste0Z8ZfQZ220Wdz0zm97MNxGmHE9H9UMBxiqpvnI=
github.com/lpuljic/pixelarch v0.0.0-20260403052917-25a81b017bfd/go.mod h1:0nb1CIMtDsl8+aazwKwj5WNb5HUvTsQji/iBdMIc76U=
